Microsoft Visual Studio Solution File, Format Version 12.00
# Visual Studio Version 16
VisualStudioVersion = 16.0.29613.14
MinimumVisualStudioVersion = 10.0.40219.1
Project("{9A19103F-16F7-4668-BE54-9A1E7A4F7556}") = "RulesEngine", "RulesEngine\RulesEngine.csproj", "{59C0D5B9-BD27-4F19-9CB8-B869E8A9B177}"
EndProject
Project("{9A19103F-16F7-4668-BE54-9A1E7A4F7556}") = "Test-Basketball", "Test-Basketball\Test-Basketball.csproj", "{408B8DEE-8F49-49E5-B62C-4DD46E8A6D0A}"
EndProject
Project("{9A19103F-16F7-4668-BE54-9A1E7A4F7556}") = "Test-Trm", "Test-Trm\Test-Trm.csproj", "{15C9C9BB-6C2C-4E34-942E-B44FCF24C14F}"
EndProject
Project("{FAE04EC0-301F-11D3-BF4B-00C04F79EFBC}") = "RulesEngine-UnitTests", "RulesEngine-UnitTests\RulesEngine-UnitTests.csproj", "{6D47CABF-C512-4969-A0C4-FF1227CF76D3}"
EndProject
Global
	GlobalSection(SolutionConfigurationPlatforms) = preSolution
		Debug|Any CPU = Debug|Any CPU
		Release|Any CPU = Release|Any CPU
	EndGlobalSection
	GlobalSection(ProjectConfigurationPlatforms) = postSolution
		{59C0D5B9-BD27-4F19-9CB8-B869E8A9B177}.Debug|Any CPU.ActiveCfg = Debug|Any CPU
		{59C0D5B9-BD27-4F19-9CB8-B869E8A9B177}.Debug|Any CPU.Build.0 = Debug|Any CPU
		{59C0D5B9-BD27-4F19-9CB8-B869E8A9B177}.Release|Any CPU.ActiveCfg = Release|Any CPU
		{59C0D5B9-BD27-4F19-9CB8-B869E8A9B177}.Release|Any CPU.Build.0 = Release|Any CPU
		{408B8DEE-8F49-49E5-B62C-4DD46E8A6D0A}.Debug|Any CPU.ActiveCfg = Debug|Any CPU
		{408B8DEE-8F49-49E5-B62C-4DD46E8A6D0A}.Debug|Any CPU.Build.0 = Debug|Any CPU
		{408B8DEE-8F49-49E5-B62C-4DD46E8A6D0A}.Release|Any CPU.ActiveCfg = Release|Any CPU
		{408B8DEE-8F49-49E5-B62C-4DD46E8A6D0A}.Release|Any CPU.Build.0 = Release|Any CPU
		{15C9C9BB-6C2C-4E34-942E-B44FCF24C14F}.Debug|Any CPU.ActiveCfg = Debug|Any CPU
		{15C9C9BB-6C2C-4E34-942E-B44FCF24C14F}.Debug|Any CPU.Build.0 = Debug|Any CPU
		{15C9C9BB-6C2C-4E34-942E-B44FCF24C14F}.Release|Any CPU.ActiveCfg = Release|Any CPU
		{15C9C9BB-6C2C-4E34-942E-B44FCF24C14F}.Release|Any CPU.Build.0 = Release|Any CPU
		{6D47CABF-C512-4969-A0C4-FF1227CF76D3}.Debug|Any CPU.ActiveCfg = Debug|Any CPU
		{6D47CABF-C512-4969-A0C4-FF1227CF76D3}.Debug|Any CPU.Build.0 = Debug|Any CPU
		{6D47CABF-C512-4969-A0C4-FF1227CF76D3}.Release|Any CPU.ActiveCfg = Release|Any CPU
		{6D47CABF-C512-4969-A0C4-FF1227CF76D3}.Release|Any CPU.Build.0 = Release|Any CPU
	EndGlobalSection
	GlobalSection(SolutionProperties) = preSolution
		HideSolutionNode = FALSE
	EndGlobalSection
	GlobalSection(ExtensibilityGlobals) = postSolution
		SolutionGuid = {DD55059F-B520-4ADC-B22E-495025546E5B}
	EndGlobalSection
EndGlobal
